
Microsoft Visual Studio Solution File, Format Version 12.00
# Visual Studio Version 17
VisualStudioVersion = 17.12.35527.113 d17.12
MinimumVisualStudioVersion = 10.0.40219.1
Project("{FAE04EC0-301F-11D3-BF4B-00C04F79EFBC}") = "ZExtractor", "ZExtractor\ZExtractor.csproj", "{61648442-AA7F-4095-949E-7F48F082C042}"
EndProject
Global
	GlobalSection(SolutionConfigurationPlatforms) = preSolution
		Debug|Any CPU = Debug|Any CPU
		Release|Any CPU = Release|Any CPU
	EndGlobalSection
	GlobalSection(ProjectConfigurationPlatforms) = postSolution
		{61648442-AA7F-4095-949E-7F48F082C042}.Debug|Any CPU.ActiveCfg = Debug|Any CPU
		{61648442-AA7F-4095-949E-7F48F082C042}.Debug|Any CPU.Build.0 = Debug|Any CPU
		{61648442-AA7F-4095-949E-7F48F082C042}.Release|Any CPU.ActiveCfg = Release|Any CPU
		{61648442-AA7F-4095-949E-7F48F082C042}.Release|Any CPU.Build.0 = Release|Any CPU
	EndGlobalSection
	GlobalSection(SolutionProperties) = preSolution
		HideSolutionNode = FALSE
	EndGlobalSection
EndGlobal
